
Microsoft Visual Studio Solution File, Format Version 12.00
# Visual Studio Version 16
VisualStudioVersion = 16.0.29709.97
MinimumVisualStudioVersion = 10.0.40219.1
Project("{FAE04EC0-301F-11D3-BF4B-00C04F79EFBC}") = "MailPage", "UnitTestProject1\MailPage.csproj", "{65794ECE-A25F-4281-A7AF-87AE7E649CD6}"
EndProject
Global
	GlobalSection(SolutionConfigurationPlatforms) = preSolution
		Debug|Any CPU = Debug|Any CPU
		Release|Any CPU = Release|Any CPU
	EndGlobalSection
	GlobalSection(ProjectConfigurationPlatforms) = postSolution
		{65794ECE-A25F-4281-A7AF-87AE7E649CD6}.Debug|Any CPU.ActiveCfg = Debug|Any CPU
		{65794ECE-A25F-4281-A7AF-87AE7E649CD6}.Debug|Any CPU.Build.0 = Debug|Any CPU
		{65794ECE-A25F-4281-A7AF-87AE7E649CD6}.Release|Any CPU.ActiveCfg = Release|Any CPU
		{65794ECE-A25F-4281-A7AF-87AE7E649CD6}.Release|Any CPU.Build.0 = Release|Any CPU
	EndGlobalSection
	GlobalSection(SolutionProperties) = preSolution
		HideSolutionNode = FALSE
	EndGlobalSection
	GlobalSection(ExtensibilityGlobals) = postSolution
		SolutionGuid = {4DEFD40C-A5F1-4588-8485-DEFEB2045ADA}
	EndGlobalSection
EndGlobal
